lockfileVersion: '6.1'

settings:
  autoInstallPeers: true
  excludeLinksFromLockfile: false

dependencies:
  '@tanstack/react-query':
    specifier: ^4.29.17
    version: 4.29.17(react-dom@18.2.0)(react@18.2.0)
  '@types/node':
    specifier: ^20.3.1
    version: 20.3.1
  '@types/react':
    specifier: ^18.2.14
    version: 18.2.14
  '@types/react-dom':
    specifier: ^18.2.6
    version: 18.2.6
  esbuild:
    specifier: ^0.18.8
    version: 0.18.8
  react:
    specifier: ^18.2.0
    version: 18.2.0
  react-dom:
    specifier: ^18.2.0
    version: 18.2.0(react@18.2.0)

packages:

  /@esbuild/android-arm64@0.18.8:
    resolution: {integrity: sha512-8N8gkGu8vBq/cRPs8DDQmdwmS097A+XRHC/ay6wJjSEdLV3onTnfIkzew+g86k5bcakbxsE7zynCIhG0IgCT5Q==}
    engines: {node: '>=12'}
    cpu: [arm64]
    os: [android]
    requiresBuild: true
    dev: false
    optional: true

  /@esbuild/android-arm@0.18.8:
    resolution: {integrity: sha512-xDncukyW2b/JU04AZJ6cSAp4FaoAMyxFFTgmmNEKbjn2MwThw/ekHwt3d84Nm0fJG2KqKBS3D6uGDo2jzDN/uQ==}
    engines: {node: '>=12'}
    cpu: [arm]
    os: [android]
    requiresBuild: true
    dev: false
    optional: true

  /@esbuild/android-x64@0.18.8:
    resolution: {integrity: sha512-vLTz/naWZMVY01T0B6gneUmm9RTYBlhRzjSCDuQCZURC1Lp3Fw2gP32ZFTtIaMBK+hfSJilnmgTPuUkCTH6CwA==}
    engines: {node: '>=12'}
    cpu: [x64]
    os: [android]
    requiresBuild: true
    dev: false
    optional: true

  /@esbuild/darwin-arm64@0.18.8:
    resolution: {integrity: sha512-14oQ5IgillH6K7j750ug0IUfy86ql1CrHx4uxRMlq0lH5NthxEH+QIgqIzUUyDJdw0lOodtr4L905Q9VYIG2+g==}
    engines: {node: '>=12'}
    cpu: [arm64]
    os: [darwin]
    requiresBuild: true
    dev: false
    optional: true

  /@esbuild/darwin-x64@0.18.8:
    resolution: {integrity: sha512-OyEf+21R32glxR+IJpPhBgcbxSbc7adPe4hYggu2mbjqAAjJJAaYoYjNeojyp+ZKY2ZRX3FimBbeExVoPdEDfg==}
    engines: {node: '>=12'}
    cpu: [x64]
    os: [darwin]
    requiresBuild: true
    dev: false
    optional: true

  /@esbuild/freebsd-arm64@0.18.8:
    resolution: {integrity: sha512-ur5cFSmlE5YPqD+5X9E32wJ2nBnz/Lk30QuAiotam0kx2e2f9+dgTarqaDhUKt+xJo+6OLhCpHAlogQ1TAvJrw==}
    engines: {node: '>=12'}
    cpu: [arm64]
    os: [freebsd]
    requiresBuild: true
    dev: false
    optional: true

  /@esbuild/freebsd-x64@0.18.8:
    resolution: {integrity: sha512-j0dgVXUyInggnvEgFGS7FXTQncRwAmHkgAy8YE52kOsozkimpapE3Kuuwb6MXbhnqLvJevaFgGSAlseDlkXAlg==}
    engines: {node: '>=12'}
    cpu: [x64]
    os: [freebsd]
    requiresBuild: true
    dev: false
    optional: true

  /@esbuild/linux-arm64@0.18.8:
    resolution: {integrity: sha512-Xp8brdqVVSTiN3/GGEAkMN1V2VCUrt11lxqHopYsbAvIf2YAfaW02/NFlekMq7SaAVcReYqbO7LReaOLzHaxgw==}
    engines: {node: '>=12'}
    cpu: [arm64]
    os: [linux]
    requiresBuild: true
    dev: false
    optional: true

  /@esbuild/linux-arm@0.18.8:
    resolution: {integrity: sha512-moCWasFnLWfVmZjux2wE1YRoJlQ36hlthVD/B+UTic3UgCZ5LvpHTeqnF037JL9zS1W6d+cB0hUwithdIyZ/1w==}
    engines: {node: '>=12'}
    cpu: [arm]
    os: [linux]
    requiresBuild: true
    dev: false
    optional: true

  /@esbuild/linux-ia32@0.18.8:
    resolution: {integrity: sha512-mUDNdkY8mr4kZrekGLwZBFpvVX1VJLpwYUsbKTM/w0h4xVgsupc440nlsUfyz8OKeE92ZdMUUG8wrdOeZaONiQ==}
    engines: {node: '>=12'}
    cpu: [ia32]
    os: [linux]
    requiresBuild: true
    dev: false
    optional: true

  /@esbuild/linux-loong64@0.18.8:
    resolution: {integrity: sha512-wuzn8pABeFielmccZjn44eyVFo9G5rThVT91QdxZ02H7Yxek623ODpZoauAWwdBDFfK1R25RtKkxCvzfeJ1akg==}
    engines: {node: '>=12'}
    cpu: [loong64]
    os: [linux]
    requiresBuild: true
    dev: false
    optional: true

  /@esbuild/linux-mips64el@0.18.8:
    resolution: {integrity: sha512-9vIq+bR1PYqTV0Ea38a9h/r2xAecC56eQemOBXyzM3jQ9Bo8f3Q9On7mpiDrXich1eQuo9nna0ZBcaIJxaO58g==}
    engines: {node: '>=12'}
    cpu: [mips64el]
    os: [linux]
    requiresBuild: true
    dev: false
    optional: true

  /@esbuild/linux-ppc64@0.18.8:
    resolution: {integrity: sha512-9AFk6CgYytoQ0/RMnmr1zlpTA88g9ksxk0gmo9apY+O8Yzmcjd+Dl9LUX9k89dLnyyLgkHl6uLg1tpEzpQS+yA==}
    engines: {node: '>=12'}
    cpu: [ppc64]
    os: [linux]
    requiresBuild: true
    dev: false
    optional: true

  /@esbuild/linux-riscv64@0.18.8:
    resolution: {integrity: sha512-AyuhgbWMSbYrgr3Qz8OT6C92PSbSh7X9ckSgz4xnZYUWrBkR6YaRTp5L7zgcouA/cSm1AiOQauHgQb+EOCNBVQ==}
    engines: {node: '>=12'}
    cpu: [riscv64]
    os: [linux]
    requiresBuild: true
    dev: false
    optional: true

  /@esbuild/linux-s390x@0.18.8:
    resolution: {integrity: sha512-XU3UTgyFx80B+kCD82kun9usGT1+3YILtGeGx+StNWGT8wjHYCc5ZTsh4g+58kDoGPezquGO+Kso5VSlX2GU2g==}
    engines: {node: '>=12'}
    cpu: [s390x]
    os: [linux]
    requiresBuild: true
    dev: false
    optional: true

  /@esbuild/linux-x64@0.18.8:
    resolution: {integrity: sha512-/zBMV9cAFYFVTiyf7zg4ubMSfH0BGn5IPD+XZT0m2cYhtlMQLRQlNDpkaz5UlAIZBnBTCpjsbnI8X73xP2Zgtw==}
    engines: {node: '>=12'}
    cpu: [x64]
    os: [linux]
    requiresBuild: true
    dev: false
    optional: true

  /@esbuild/netbsd-x64@0.18.8:
    resolution: {integrity: sha512-/Aqh6SoP6UpLrgdfgFzi1Von4D5OhnJEYZNdkZA0AREuwSBcZh6X5eUsSCiEszJaeOt/oOZOvSwNR7i2VjmDnA==}
    engines: {node: '>=12'}
    cpu: [x64]
    os: [netbsd]
    requiresBuild: true
    dev: false
    optional: true

  /@esbuild/openbsd-x64@0.18.8:
    resolution: {integrity: sha512-twRW7IQ4ar1BilPDFf/IpsQY77dU50IUKZxs7veZVo4rnQbOXw6FPl2rWVJcVx+I6dkGzmt/yM6YW6FBdqA3DA==}
    engines: {node: '>=12'}
    cpu: [x64]
    os: [openbsd]
    requiresBuild: true
    dev: false
    optional: true

  /@esbuild/sunos-x64@0.18.8:
    resolution: {integrity: sha512-DSgYAFzvRisJQPxtTsUTFJ/Kr1KYZxxrKGfHPMnW2f/0KxOdLwRKbzWeG8g15gSBcDuDCZXnuUSFyu3ZyqbCzA==}
    engines: {node: '>=12'}
    cpu: [x64]
    os: [sunos]
    requiresBuild: true
    dev: false
    optional: true

  /@esbuild/win32-arm64@0.18.8:
    resolution: {integrity: sha512-eWoYo48Hp1yWbe2SSnmMNqnVprNgKtp0mP+aUeX/Lkw3gcsgRju5Qj7psfpA8cR0ULeWkrhmaSS4mgj4wfo97A==}
    engines: {node: '>=12'}
    cpu: [arm64]
    os: [win32]
    requiresBuild: true
    dev: false
    optional: true

  /@esbuild/win32-ia32@0.18.8:
    resolution: {integrity: sha512-A5mph1zmf7eEbAKZYqRHUBkO5PRdSO0bjH4XMAnYCXfndk72uHzvMmTNS5ZZ1dVUb55P45MFBBlZyW7SsnXxXw==}
    engines: {node: '>=12'}
    cpu: [ia32]
    os: [win32]
    requiresBuild: true
    dev: false
    optional: true

  /@esbuild/win32-x64@0.18.8:
    resolution: {integrity: sha512-/NKlWmdR5oxLswW/pdMKF8qwwtC7zpeTWvWffXpqNZ4Nib6lmnU2L5ijfSvWy8vxWhwmfR/CXA7GzuRL5nRxow==}
    engines: {node: '>=12'}
    cpu: [x64]
    os: [win32]
    requiresBuild: true
    dev: false
    optional: true

  /@tanstack/query-core@4.29.17:
    resolution: {integrity: sha512-iDbO8yZOpm1lqgq6L8mpxGbKaoiyZSjthxEB3WGU7mNPYss9q4H3Q67+e2xXGwkemEVmtEX/WwvtFitrvVU8TA==}
    dev: false

  /@tanstack/react-query@4.29.17(react-dom@18.2.0)(react@18.2.0):
    resolution: {integrity: sha512-udOy/jgqiBHBAP93YPAU3QoVYO+Rtx9HT/10xGDQzC8iQU/wIxcIaT/usX+1NSzoUFYU5hUcPaNErPWZnR7XgA==}
    peerDependencies:
      react: ^16.8.0 || ^17.0.0 || ^18.0.0
      react-dom: ^16.8.0 || ^17.0.0 || ^18.0.0
      react-native: '*'
    peerDependenciesMeta:
      react-dom:
        optional: true
      react-native:
        optional: true
    dependencies:
      '@tanstack/query-core': 4.29.17
      client-only: 0.0.1
      react: 18.2.0
      react-dom: 18.2.0(react@18.2.0)
      use-sync-external-store: 1.2.0(react@18.2.0)
    dev: false

  /@types/node@20.3.1:
    resolution: {integrity: sha512-EhcH/wvidPy1WeML3TtYFGR83UzjxeWRen9V402T8aUGYsCHOmfoisV3ZSg03gAFIbLq8TnWOJ0f4cALtnSEUg==}
    dev: false

  /@types/prop-types@15.7.5:
    resolution: {integrity: sha512-JCB8C6SnDoQf0cNycqd/35A7MjcnK+ZTqE7judS6o7utxUCg6imJg3QK2qzHKszlTjcj2cn+NwMB2i96ubpj7w==}
    dev: false

  /@types/react-dom@18.2.6:
    resolution: {integrity: sha512-2et4PDvg6PVCyS7fuTc4gPoksV58bW0RwSxWKcPRcHZf0PRUGq03TKcD/rUHe3azfV6/5/biUBJw+HhCQjaP0A==}
    dependencies:
      '@types/react': 18.2.14
    dev: false

  /@types/react@18.2.14:
    resolution: {integrity: sha512-A0zjq+QN/O0Kpe30hA1GidzyFjatVvrpIvWLxD+xv67Vt91TWWgco9IvrJBkeyHm1trGaFS/FSGqPlhyeZRm0g==}
    dependencies:
      '@types/prop-types': 15.7.5
      '@types/scheduler': 0.16.3
      csstype: 3.1.2
    dev: false

  /@types/scheduler@0.16.3:
    resolution: {integrity: sha512-5cJ8CB4yAx7BH1oMvdU0Jh9lrEXyPkar6F9G/ERswkCuvP4KQZfZkSjcMbAICCpQTN4OuZn8tz0HiKv9TGZgrQ==}
    dev: false

  /client-only@0.0.1:
    resolution: {integrity: sha512-IV3Ou0jSMzZrd3pZ48nLkT9DA7Ag1pnPzaiQhpW7c3RbcqqzvzzVu+L8gfqMp/8IM2MQtSiqaCxrrcfu8I8rMA==}
    dev: false

  /csstype@3.1.2:
    resolution: {integrity: sha512-I7K1Uu0MBPzaFKg4nI5Q7Vs2t+3gWWW648spaF+Rg7pI9ds18Ugn+lvg4SHczUdKlHI5LWBXyqfS8+DufyBsgQ==}
    dev: false

  /esbuild@0.18.8:
    resolution: {integrity: sha512-3hJ4I81Wp1IT5z29FAlTAlbX+ElIqy4AuIf1GNcFjsRIfyO3linxmEVqoP865KTYT9BWosrCl081RM/35Z+scw==}
    engines: {node: '>=12'}
    hasBin: true
    requiresBuild: true
    optionalDependencies:
      '@esbuild/android-arm': 0.18.8
      '@esbuild/android-arm64': 0.18.8
      '@esbuild/android-x64': 0.18.8
      '@esbuild/darwin-arm64': 0.18.8
      '@esbuild/darwin-x64': 0.18.8
      '@esbuild/freebsd-arm64': 0.18.8
      '@esbuild/freebsd-x64': 0.18.8
      '@esbuild/linux-arm': 0.18.8
      '@esbuild/linux-arm64': 0.18.8
      '@esbuild/linux-ia32': 0.18.8
      '@esbuild/linux-loong64': 0.18.8
      '@esbuild/linux-mips64el': 0.18.8
      '@esbuild/linux-ppc64': 0.18.8
      '@esbuild/linux-riscv64': 0.18.8
      '@esbuild/linux-s390x': 0.18.8
      '@esbuild/linux-x64': 0.18.8
      '@esbuild/netbsd-x64': 0.18.8
      '@esbuild/openbsd-x64': 0.18.8
      '@esbuild/sunos-x64': 0.18.8
      '@esbuild/win32-arm64': 0.18.8
      '@esbuild/win32-ia32': 0.18.8
      '@esbuild/win32-x64': 0.18.8
    dev: false

  /js-tokens@4.0.0:
    resolution: {integrity: sha512-RdJUflcE3cUzKiMqQgsCu06FPu9UdIJO0beYbPhHN4k6apgJtifcoCtT9bcxOpYBtpD2kCM6Sbzg4CausW/PKQ==}
    dev: false

  /loose-envify@1.4.0:
    resolution: {integrity: sha512-lyuxPGr/Wfhrlem2CL/UcnUc1zcqKAImBDzukY7Y5F/yQiNdko6+fRLevlw1HgMySw7f611UIY408EtxRSoK3Q==}
    hasBin: true
    dependencies:
      js-tokens: 4.0.0
    dev: false

  /react-dom@18.2.0(react@18.2.0):
    resolution: {integrity: sha512-6IMTriUmvsjHUjNtEDudZfuDQUoWXVxKHhlEGSk81n4YFS+r/Kl99wXiwlVXtPBtJenozv2P+hxDsw9eA7Xo6g==}
    peerDependencies:
      react: ^18.2.0
    dependencies:
      loose-envify: 1.4.0
      react: 18.2.0
      scheduler: 0.23.0
    dev: false

  /react@18.2.0:
    resolution: {integrity: sha512-/3IjMdb2L9QbBdWiW5e3P2/npwMBaU9mHCSCUzNln0ZCYbcfTsGbTJrU/kGemdH2IWmB2ioZ+zkxtmq6g09fGQ==}
    engines: {node: '>=0.10.0'}
    dependencies:
      loose-envify: 1.4.0
    dev: false

  /scheduler@0.23.0:
    resolution: {integrity: sha512-CtuThmgHNg7zIZWAXi3AsyIzA3n4xx7aNyjwC2VJldO2LMVDhFK+63xGqq6CsJH4rTAt6/M+N4GhZiDYPx9eUw==}
    dependencies:
      loose-envify: 1.4.0
    dev: false

  /use-sync-external-store@1.2.0(react@18.2.0):
    resolution: {integrity: sha512-eEgnFxGQ1Ife9bzYs6VLi8/4X6CObHMw9Qr9tPY43iKwsPw8xE8+EFsf/2cFZ5S3esXgpWgtSCtLNS41F+sKPA==}
    peerDependencies:
      react: ^16.8.0 || ^17.0.0 || ^18.0.0
    dependencies:
      react: 18.2.0
    dev: false
